
Microsoft Visual Studio Solution File, Format Version 11.00
# Visual Studio 2010
Project("{FAE04EC0-301F-11D3-BF4B-00C04F79EFBC}") = "Assembly-CSharp", "Assembly-CSharp.csproj", "{B5143B0A-6581-4E44-0632-98163E058978}"
EndProject
Global
	GlobalSection(SolutionConfigurationPlatforms) = preSolution
		Debug|Any CPU = Debug|Any CPU
		Release|Any CPU = Release|Any CPU
	EndGlobalSection
	GlobalSection(ProjectConfigurationPlatforms) = postSolution
		{B5143B0A-6581-4E44-0632-98163E058978}.Debug|Any CPU.ActiveCfg = Debug|Any CPU
		{B5143B0A-6581-4E44-0632-98163E058978}.Debug|Any CPU.Build.0 = Debug|Any CPU
		{B5143B0A-6581-4E44-0632-98163E058978}.Release|Any CPU.ActiveCfg = Release|Any CPU
		{B5143B0A-6581-4E44-0632-98163E058978}.Release|Any CPU.Build.0 = Release|Any CPU
	EndGlobalSection
	GlobalSection(SolutionProperties) = preSolution
		HideSolutionNode = FALSE
	EndGlobalSection
	GlobalSection(MonoDevelopProperties) = preSolution
		StartupItem = Assembly-CSharp.csproj
	EndGlobalSection
EndGlobal
